dependencies:
- name: nextcloud
  repository: https://nextcloud.github.io/helm/
  version: 8.9.1
- name: caelus-sftp
  repository: file://../../_lib/caelus-sftp
  version: 0.1.0
digest: sha256:3abd150fcbdf02b5effa89258035d623674f538652f73d7a42ecd717ec646026
generated: "2026-07-07T10:02:53.995930492Z"
