dependencies:
- name: immich
  repository: oci://ghcr.io/immich-app/immich-charts
  version: 0.10.3
- name: caelus-sftp
  repository: file://../../_lib/caelus-sftp
  version: 0.1.0
digest: sha256:9f8cf006cff0adf619a05477695212de33540eb1e52e18f7d154dcb2eacae7e4
generated: "2026-07-11T11:42:08.746286781Z"
